
Microsoft Visual Studio Solution File, Format Version 12.00
# Visual Studio Version 16
VisualStudioVersion = 16.0.29102.190
MinimumVisualStudioVersion = 10.0.40219.1
Project("{FAE04EC0-301F-11D3-BF4B-00C04F79EFBC}") = "Form2", "Form2.csproj", "{B3CFB9FF-4B44-44BB-B914-BE782DEB5FB2}"
EndProject
Global
	GlobalSection(SolutionConfigurationPlatforms) = preSolution
		Debug|Any CPU = Debug|Any CPU
		Release|Any CPU = Release|Any CPU
	EndGlobalSection
	GlobalSection(ProjectConfigurationPlatforms) = postSolution
		{B3CFB9FF-4B44-44BB-B914-BE782DEB5FB2}.Debug|Any CPU.ActiveCfg = Debug|Any CPU
		{B3CFB9FF-4B44-44BB-B914-BE782DEB5FB2}.Debug|Any CPU.Build.0 = Debug|Any CPU
		{B3CFB9FF-4B44-44BB-B914-BE782DEB5FB2}.Release|Any CPU.ActiveCfg = Release|Any CPU
		{B3CFB9FF-4B44-44BB-B914-BE782DEB5FB2}.Release|Any CPU.Build.0 = Release|Any CPU
	EndGlobalSection
	GlobalSection(SolutionProperties) = preSolution
		HideSolutionNode = FALSE
	EndGlobalSection
	GlobalSection(ExtensibilityGlobals) = postSolution
		SolutionGuid = {D9729BAD-C7DF-47AD-908D-B20D5254725B}
	EndGlobalSection
EndGlobal
